
Microsoft Visual Studio Solution File, Format Version 12.00
# Visual Studio Version 16
VisualStudioVersion = 16.0.33423.256
MinimumVisualStudioVersion = 10.0.40219.1
Project("{FAE04EC0-301F-11D3-BF4B-00C04F79EFBC}") = "RecursionPrac", "RecursionPrac\RecursionPrac.csproj", "{720FA089-DC3A-4916-8031-828CB5743A84}"
EndProject
Global
	GlobalSection(SolutionConfigurationPlatforms) = preSolution
		Debug|Any CPU = Debug|Any CPU
		Release|Any CPU = Release|Any CPU
	EndGlobalSection
	GlobalSection(ProjectConfigurationPlatforms) = postSolution
		{720FA089-DC3A-4916-8031-828CB5743A84}.Debug|Any CPU.ActiveCfg = Debug|Any CPU
		{720FA089-DC3A-4916-8031-828CB5743A84}.Debug|Any CPU.Build.0 = Debug|Any CPU
		{720FA089-DC3A-4916-8031-828CB5743A84}.Release|Any CPU.ActiveCfg = Release|Any CPU
		{720FA089-DC3A-4916-8031-828CB5743A84}.Release|Any CPU.Build.0 = Release|Any CPU
	EndGlobalSection
	GlobalSection(SolutionProperties) = preSolution
		HideSolutionNode = FALSE
	EndGlobalSection
	GlobalSection(ExtensibilityGlobals) = postSolution
		SolutionGuid = {B501D160-8CA5-418C-8C12-5A0AF94CC483}
	EndGlobalSection
EndGlobal
